// !$*UTF8*$!
{
	archiveVersion = 1;
	classes = {
	};
	objectVersion = 52;
	objects = {

/* Begin PBXBuildFile section */
		4C191A4D2635651D00FD8147 /* RecipeUnit.swift in Sources */ = {isa = PBXBuildFile; fileRef = 4C191A4C2635651D00FD8147 /* RecipeUnit.swift */; };
		4C191A4E2635651D00FD8147 /* RecipeUnit.swift in Sources */ = {isa = PBXBuildFile; fileRef = 4C191A4C2635651D00FD8147 /* RecipeUnit.swift */; };
		4C191A4F2635651D00FD8147 /* RecipeUnit.swift in Sources */ = {isa = PBXBuildFile; fileRef = 4C191A4C2635651D00FD8147 /* RecipeUnit.swift */; };
		4C191A502635651D00FD8147 /* RecipeUnit.swift in Sources */ = {isa = PBXBuildFile; fileRef = 4C191A4C2635651D00FD8147 /* RecipeUnit.swift */; };
		4C2AE938263F54B200B281EA /* AppCore.swift in Sources */ = {isa = PBXBuildFile; fileRef = 4C2AE937263F54B200B281EA /* AppCore.swift */; };
		4C2AE939263F54B200B281EA /* AppCore.swift in Sources */ = {isa = PBXBuildFile; fileRef = 4C2AE937263F54B200B281EA /* AppCore.swift */; };
		4C2AE93E263F572700B281EA /* AppCore.swift in Sources */ = {isa = PBXBuildFile; fileRef = 4C2AE937263F54B200B281EA /* AppCore.swift */; };
		4C2AE943263F572800B281EA /* AppCore.swift in Sources */ = {isa = PBXBuildFile; fileRef = 4C2AE937263F54B200B281EA /* AppCore.swift */; };
		4C2AE954263F582200B281EA /* RecipeListCore.swift in Sources */ = {isa = PBXBuildFile; fileRef = 4C6459C72628D377006A4521 /* RecipeListCore.swift */; };
		4C2AE959263F582200B281EA /* RecipeListCore.swift in Sources */ = {isa = PBXBuildFile; fileRef = 4C6459C72628D377006A4521 /* RecipeListCore.swift */; };
		4C2AE95A263F582300B281EA /* RecipeListCore.swift in Sources */ = {isa = PBXBuildFile; fileRef = 4C6459C72628D377006A4521 /* RecipeListCore.swift */; };
		4C2AE95F263F582400B281EA /* RecipeListCore.swift in Sources */ = {isa = PBXBuildFile; fileRef = 4C6459C72628D377006A4521 /* RecipeListCore.swift */; };
		4C2AE965263F585000B281EA /* ApiError.swift in Sources */ = {isa = PBXBuildFile; fileRef = 4C2AE964263F585000B281EA /* ApiError.swift */; };
		4C2AE966263F585000B281EA /* ApiError.swift in Sources */ = {isa = PBXBuildFile; fileRef = 4C2AE964263F585000B281EA /* ApiError.swift */; };
		4C2AE96B263F585B00B281EA /* ApiError.swift in Sources */ = {isa = PBXBuildFile; fileRef = 4C2AE964263F585000B281EA /* ApiError.swift */; };
		4C2AE970263F585B00B281EA /* ApiError.swift in Sources */ = {isa = PBXBuildFile; fileRef = 4C2AE964263F585000B281EA /* ApiError.swift */; };
		4C2AE976263F5FEB00B281EA /* IngredientListView.swift in Sources */ = {isa = PBXBuildFile; fileRef = 4C2AE975263F5FEB00B281EA /* IngredientListView.swift */; };
		4C2AE977263F5FEB00B281EA /* IngredientListView.swift in Sources */ = {isa = PBXBuildFile; fileRef = 4C2AE975263F5FEB00B281EA /* IngredientListView.swift */; };
		4C2AE97D263F611600B281EA /* Mock.swift in Sources */ = {isa = PBXBuildFile; fileRef = 4C2AE97C263F611600B281EA /* Mock.swift */; };
		4C2AE97E263F611600B281EA /* Mock.swift in Sources */ = {isa = PBXBuildFile; fileRef = 4C2AE97C263F611600B281EA /* Mock.swift */; };
		4C2AE97F263F611600B281EA /* Mock.swift in Sources */ = {isa = PBXBuildFile; fileRef = 4C2AE97C263F611600B281EA /* Mock.swift */; };
		4C2AE980263F611600B281EA /* Mock.swift in Sources */ = {isa = PBXBuildFile; fileRef = 4C2AE97C263F611600B281EA /* Mock.swift */; };
		4C2AE98A263F632200B281EA /* IngredientRow.swift in Sources */ = {isa = PBXBuildFile; fileRef = 4C2AE989263F632200B281EA /* IngredientRow.swift */; };
		4C2AE98B263F632200B281EA /* IngredientRow.swift in Sources */ = {isa = PBXBuildFile; fileRef = 4C2AE989263F632200B281EA /* IngredientRow.swift */; };
		4C2AE98C263F632200B281EA /* IngredientRow.swift in Sources */ = {isa = PBXBuildFile; fileRef = 4C2AE989263F632200B281EA /* IngredientRow.swift */; };
		4C2AE98D263F632200B281EA /* IngredientRow.swift in Sources */ = {isa = PBXBuildFile; fileRef = 4C2AE989263F632200B281EA /* IngredientRow.swift */; };
		4C2AE993263FED0800B281EA /* IngredientCore.swift in Sources */ = {isa = PBXBuildFile; fileRef = 4C2AE992263FED0800B281EA /* IngredientCore.swift */; };
		4C2AE994263FED0800B281EA /* IngredientCore.swift in Sources */ = {isa = PBXBuildFile; fileRef = 4C2AE992263FED0800B281EA /* IngredientCore.swift */; };
		4C2AE995263FED0800B281EA /* IngredientCore.swift in Sources */ = {isa = PBXBuildFile; fileRef = 4C2AE992263FED0800B281EA /* IngredientCore.swift */; };
		4C2AE996263FED0800B281EA /* IngredientCore.swift in Sources */ = {isa = PBXBuildFile; fileRef = 4C2AE992263FED0800B281EA /* IngredientCore.swift */; };
		4C2AE9A4263FED2C00B281EA /* IngredientListCore.swift in Sources */ = {isa = PBXBuildFile; fileRef = 4C2AE9A3263FED2C00B281EA /* IngredientListCore.swift */; };
		4C2AE9A5263FED2C00B281EA /* IngredientListCore.swift in Sources */ = {isa = PBXBuildFile; fileRef = 4C2AE9A3263FED2C00B281EA /* IngredientListCore.swift */; };
		4C2AE9A6263FED2C00B281EA /* IngredientListCore.swift in Sources */ = {isa = PBXBuildFile; fileRef = 4C2AE9A3263FED2C00B281EA /* IngredientListCore.swift */; };
		4C2AE9A7263FED2C00B281EA /* IngredientListCore.swift in Sources */ = {isa = PBXBuildFile; fileRef = 4C2AE9A3263FED2C00B281EA /* IngredientListCore.swift */; };
		4C2FF4A12628E38B00396EEF /* TestsRecipesCore.swift in Sources */ = {isa = PBXBuildFile; fileRef = 4C6459CF2628DA0E006A4521 /* TestsRecipesCore.swift */; };
		4C44E2242624F2B000542DDF /* RecipeView.swift in Sources */ = {isa = PBXBuildFile; fileRef = 4C44E2232624F2B000542DDF /* RecipeView.swift */; };
		4C44E2252624F2B000542DDF /* RecipeView.swift in Sources */ = {isa = PBXBuildFile; fileRef = 4C44E2232624F2B000542DDF /* RecipeView.swift */; };
		4C6459BB2628D330006A4521 /* ComposableArchitecture in Frameworks */ = {isa = PBXBuildFile; productRef = 4C6459BA2628D330006A4521 /* ComposableArchitecture */; };
		4C6459C22628D350006A4521 /* ComposableArchitecture in Frameworks */ = {isa = PBXBuildFile; productRef = 4C6459C12628D350006A4521 /* ComposableArchitecture */; };
		4CA7804E2621DD080010784C /* Mes_Superbes_Recettes.xcdatamodeld in Sources */ = {isa = PBXBuildFile; fileRef = 4CA780222621DD020010784C /* Mes_Superbes_Recettes.xcdatamodeld */; };
		4CA7804F2621DD080010784C /* Mes_Superbes_Recettes.xcdatamodeld in Sources */ = {isa = PBXBuildFile; fileRef = 4CA780222621DD020010784C /* Mes_Superbes_Recettes.xcdatamodeld */; };
		4CA780502621DD080010784C /* Mes_Superbes_RecettesApp.swift in Sources */ = {isa = PBXBuildFile; fileRef = 4CA780242621DD020010784C /* Mes_Superbes_RecettesApp.swift */; };
		4CA780512621DD080010784C /* Mes_Superbes_RecettesApp.swift in Sources */ = {isa = PBXBuildFile; fileRef = 4CA780242621DD020010784C /* Mes_Superbes_RecettesApp.swift */; };
		4CA780522621DD080010784C /* ContentView.swift in Sources */ = {isa = PBXBuildFile; fileRef = 4CA780252621DD020010784C /* ContentView.swift */; };
		4CA780532621DD080010784C /* ContentView.swift in Sources */ = {isa = PBXBuildFile; fileRef = 4CA780252621DD020010784C /* ContentView.swift */; };
		4CA780542621DD080010784C /* Persistence.swift in Sources */ = {isa = PBXBuildFile; fileRef = 4CA780262621DD020010784C /* Persistence.swift */; };
		4CA780552621DD080010784C /* Persistence.swift in Sources */ = {isa = PBXBuildFile; fileRef = 4CA780262621DD020010784C /* Persistence.swift */; };
		4CA780562621DD080010784C /* Assets.xcassets in Resources */ = {isa = PBXBuildFile; fileRef = 4CA780272621DD080010784C /* Assets.xcassets */; };
		4CA780572621DD080010784C /* Assets.xcassets in Resources */ = {isa = PBXBuildFile; fileRef = 4CA780272621DD080010784C /* Assets.xcassets */; };
		4CA7806C2621DDE30010784C /* Recipe.swift in Sources */ = {isa = PBXBuildFile; fileRef = 4CA7806B2621DDE30010784C /* Recipe.swift */; };
		4CA780712621DEF60010784C /* Recipe.swift in Sources */ = {isa = PBXBuildFile; fileRef = 4CA7806B2621DDE30010784C /* Recipe.swift */; };
		4CDF77592628E68400069485 /* ComposableArchitecture in Frameworks */ = {isa = PBXBuildFile; productRef = 4C2FF48E2628E2F100396EEF /* ComposableArchitecture */; };
		4CDF77792628EB8E00069485 /* TestsRecipesCore.swift in Sources */ = {isa = PBXBuildFile; fileRef = 4C6459CF2628DA0E006A4521 /* TestsRecipesCore.swift */; };
		4CDF77992628ED4700069485 /* Recipe.swift in Sources */ = {isa = PBXBuildFile; fileRef = 4CA7806B2621DDE30010784C /* Recipe.swift */; };
		4CDF779E2628ED5000069485 /* Recipe.swift in Sources */ = {isa = PBXBuildFile; fileRef = 4CA7806B2621DDE30010784C /* Recipe.swift */; };
		4CDF77AE2628ED8500069485 /* ComposableArchitecture in Frameworks */ = {isa = PBXBuildFile; productRef = 4CDF77AD2628ED8500069485 /* ComposableArchitecture */; };
		4CDF77BA262B463500069485 /* Item+Recipe.swift in Sources */ = {isa = PBXBuildFile; fileRef = 4CDF77B9262B463500069485 /* Item+Recipe.swift */; };
		4CDF77BB262B463500069485 /* Item+Recipe.swift in Sources */ = {isa = PBXBuildFile; fileRef = 4CDF77B9262B463500069485 /* Item+Recipe.swift */; };
		4CDF77CF262B98FA00069485 /* RecipesView.swift in Sources */ = {isa = PBXBuildFile; fileRef = 4CDF77CE262B98FA00069485 /* RecipesView.swift */; };
		4CDF77D0262B98FA00069485 /* RecipesView.swift in Sources */ = {isa = PBXBuildFile; fileRef = 4CDF77CE262B98FA00069485 /* RecipesView.swift */; };
		4CDF77D6262F719D00069485 /* RecipeCore.swift in Sources */ = {isa = PBXBuildFile; fileRef = 4CDF77D5262F719D00069485 /* RecipeCore.swift */; };
		4CDF77D7262F719D00069485 /* RecipeCore.swift in Sources */ = {isa = PBXBuildFile; fileRef = 4CDF77D5262F719D00069485 /* RecipeCore.swift */; };
		4CF259DA2632171200DA58E0 /* RecipeCore.swift in Sources */ = {isa = PBXBuildFile; fileRef = 4CDF77D5262F719D00069485 /* RecipeCore.swift */; };
		4CF259DF2632171300DA58E0 /* RecipeCore.swift in Sources */ = {isa = PBXBuildFile; fileRef = 4CDF77D5262F719D00069485 /* RecipeCore.swift */; };
		4CF259EC2632F5C000DA58E0 /* RecipesView.swift in Sources */ = {isa = PBXBuildFile; fileRef = 4CDF77CE262B98FA00069485 /* RecipesView.swift */; };
		4CF259F12632F5C100DA58E0 /* RecipesView.swift in Sources */ = {isa = PBXBuildFile; fileRef = 4CDF77CE262B98FA00069485 /* RecipesView.swift */; };
		4CF259F62632F5D700DA58E0 /* RecipeView.swift in Sources */ = {isa = PBXBuildFile; fileRef = 4C44E2232624F2B000542DDF /* RecipeView.swift */; };
		4CF259FB2632F5D700DA58E0 /* RecipeView.swift in Sources */ = {isa = PBXBuildFile; fileRef = 4C44E2232624F2B000542DDF /* RecipeView.swift */; };
		4CF25A01263352E000DA58E0 /* TestsRecipeCore.swift in Sources */ = {isa = PBXBuildFile; fileRef = 4CF25A00263352E000DA58E0 /* TestsRecipeCore.swift */; };
		4CF25A02263352E000DA58E0 /* TestsRecipeCore.swift in Sources */ = {isa = PBXBuildFile; fileRef = 4CF25A00263352E000DA58E0 /* TestsRecipeCore.swift */; };
/* End PBXBuildFile section */

/* Begin PBXContainerItemProxy section */
		4CA7803D2621DD080010784C /* PBXContainerItemProxy */ = {
			isa = PBXContainerItemProxy;
			containerPortal = 4CA7801D2621DD020010784C /* Project object */;
			proxyType = 1;
			remoteGlobalIDString = 4CA7802B2621DD080010784C;
			remoteInfo = "Mes Superbes Recettes (iOS)";
		};
		4CDF77822628EC2E00069485 /* PBXContainerItemProxy */ = {
			isa = PBXContainerItemProxy;
			containerPortal = 4CA7801D2621DD020010784C /* Project object */;
			proxyType = 1;
			remoteGlobalIDString = 4CA780332621DD080010784C;
			remoteInfo = "Mes Superbes Recettes (macOS)";
		};
/* End PBXContainerItemProxy section */

/* Begin PBXFileReference section */
		4C191A4C2635651D00FD8147 /* RecipeUnit.swift */ = {isa = PBXFileReference; lastKnownFileType = sourcecode.swift; path = RecipeUnit.swift; sourceTree = "<group>"; };
		4C2AE937263F54B200B281EA /* AppCore.swift */ = {isa = PBXFileReference; lastKnownFileType = sourcecode.swift; path = AppCore.swift; sourceTree = "<group>"; };
		4C2AE964263F585000B281EA /* ApiError.swift */ = {isa = PBXFileReference; lastKnownFileType = sourcecode.swift; path = ApiError.swift; sourceTree = "<group>"; };
		4C2AE975263F5FEB00B281EA /* IngredientListView.swift */ = {isa = PBXFileReference; lastKnownFileType = sourcecode.swift; path = IngredientListView.swift; sourceTree = "<group>"; };
		4C2AE97C263F611600B281EA /* Mock.swift */ = {isa = PBXFileReference; lastKnownFileType = sourcecode.swift; path = Mock.swift; sourceTree = "<group>"; };
		4C2AE989263F632200B281EA /* IngredientRow.swift */ = {isa = PBXFileReference; lastKnownFileType = sourcecode.swift; path = IngredientRow.swift; sourceTree = "<group>"; };
		4C2AE992263FED0800B281EA /* IngredientCore.swift */ = {isa = PBXFileReference; lastKnownFileType = sourcecode.swift; path = IngredientCore.swift; sourceTree = "<group>"; };
		4C2AE9A3263FED2C00B281EA /* IngredientListCore.swift */ = {isa = PBXFileReference; lastKnownFileType = sourcecode.swift; path = IngredientListCore.swift; sourceTree = "<group>"; };
		4C44E2232624F2B000542DDF /* RecipeView.swift */ = {isa = PBXFileReference; lastKnownFileType = sourcecode.swift; path = RecipeView.swift; sourceTree = "<group>"; };
		4C6459C72628D377006A4521 /* RecipeListCore.swift */ = {isa = PBXFileReference; lastKnownFileType = sourcecode.swift; path = RecipeListCore.swift; sourceTree = "<group>"; };
		4C6459CF2628DA0E006A4521 /* TestsRecipesCore.swift */ = {isa = PBXFileReference; lastKnownFileType = sourcecode.swift; path = TestsRecipesCore.swift; sourceTree = "<group>"; };
		4CA780232621DD020010784C /* Shared.xcdatamodel */ = {isa = PBXFileReference; lastKnownFileType = wrapper.xcdatamodel; path = Shared.xcdatamodel; sourceTree = "<group>"; };
		4CA780242621DD020010784C /* Mes_Superbes_RecettesApp.swift */ = {isa = PBXFileReference; lastKnownFileType = sourcecode.swift; path = Mes_Superbes_RecettesApp.swift; sourceTree = "<group>"; };
		4CA780252621DD020010784C /* ContentView.swift */ = {isa = PBXFileReference; lastKnownFileType = sourcecode.swift; path = ContentView.swift; sourceTree = "<group>"; };
		4CA780262621DD020010784C /* Persistence.swift */ = {isa = PBXFileReference; lastKnownFileType = sourcecode.swift; path = Persistence.swift; sourceTree = "<group>"; };
		4CA780272621DD080010784C /* Assets.xcassets */ = {isa = PBXFileReference; lastKnownFileType = folder.assetcatalog; path = Assets.xcassets; sourceTree = "<group>"; };
		4CA7802C2621DD080010784C /* Mes Superbes Recettes.app */ = {isa = PBXFileReference; explicitFileType = wrapper.application; includeInIndex = 0; path = "Mes Superbes Recettes.app"; sourceTree = BUILT_PRODUCTS_DIR; };
		4CA7802F2621DD080010784C /* Info.plist */ = {isa = PBXFileReference; lastKnownFileType = text.plist.xml; path = Info.plist; sourceTree = "<group>"; };
		4CA780342621DD080010784C /* Mes Superbes Recettes.app */ = {isa = PBXFileReference; explicitFileType = wrapper.application; includeInIndex = 0; path = "Mes Superbes Recettes.app"; sourceTree = BUILT_PRODUCTS_DIR; };
		4CA780362621DD080010784C /* Info.plist */ = {isa = PBXFileReference; lastKnownFileType = text.plist.xml; path = Info.plist; sourceTree = "<group>"; };
		4CA780372621DD080010784C /* macOS.entitlements */ = {isa = PBXFileReference; lastKnownFileType = text.plist.entitlements; path = macOS.entitlements; sourceTree = "<group>"; };
		4CA7803C2621DD080010784C /* Tests iOS.xctest */ = {isa = PBXFileReference; explicitFileType = wrapper.cfbundle; includeInIndex = 0; path = "Tests iOS.xctest"; sourceTree = BUILT_PRODUCTS_DIR; };
		4CA780422621DD080010784C /* Info.plist */ = {isa = PBXFileReference; lastKnownFileType = text.plist.xml; path = Info.plist; sourceTree = "<group>"; };
		4CA780472621DD080010784C /* Tests macOS.xctest */ = {isa = PBXFileReference; explicitFileType = wrapper.cfbundle; includeInIndex = 0; path = "Tests macOS.xctest"; sourceTree = BUILT_PRODUCTS_DIR; };
		4CA7804D2621DD080010784C /* Info.plist */ = {isa = PBXFileReference; lastKnownFileType = text.plist.xml; path = Info.plist; sourceTree = "<group>"; };
		4CA7806B2621DDE30010784C /* Recipe.swift */ = {isa = PBXFileReference; lastKnownFileType = sourcecode.swift; path = Recipe.swift; sourceTree = "<group>"; };
		4CDF77B9262B463500069485 /* Item+Recipe.swift */ = {isa = PBXFileReference; lastKnownFileType = sourcecode.swift; path = "Item+Recipe.swift"; sourceTree = "<group>"; };
		4CDF77CE262B98FA00069485 /* RecipesView.swift */ = {isa = PBXFileReference; lastKnownFileType = sourcecode.swift; path = RecipesView.swift; sourceTree = "<group>"; };
		4CDF77D5262F719D00069485 /* RecipeCore.swift */ = {isa = PBXFileReference; lastKnownFileType = sourcecode.swift; path = RecipeCore.swift; sourceTree = "<group>"; };
		4CF25A00263352E000DA58E0 /* TestsRecipeCore.swift */ = {isa = PBXFileReference; lastKnownFileType = sourcecode.swift; path = TestsRecipeCore.swift; sourceTree = "<group>"; };
/* End PBXFileReference section */

/* Begin PBXFrameworksBuildPhase section */
		4C2FF4BA2628E5B300396EEF /* Frameworks */ = {
			isa = PBXFrameworksBuildPhase;
			buildActionMask = 2147483647;
			files = (
				4CDF77AE2628ED8500069485 /* ComposableArchitecture in Frameworks */,
			);
			runOnlyForDeploymentPostprocessing = 0;
		};
		4C2FF4BB2628E5DB00396EEF /* Frameworks */ = {
			isa = PBXFrameworksBuildPhase;
			buildActionMask = 2147483647;
			files = (
				4CDF77592628E68400069485 /* ComposableArchitecture in Frameworks */,
			);
			runOnlyForDeploymentPostprocessing = 0;
		};
		4CA780292621DD080010784C /* Frameworks */ = {
			isa = PBXFrameworksBuildPhase;
			buildActionMask = 2147483647;
			files = (
				4C6459C22628D350006A4521 /* ComposableArchitecture in Frameworks */,
			);
			runOnlyForDeploymentPostprocessing = 0;
		};
		4CA780312621DD080010784C /* Frameworks */ = {
			isa = PBXFrameworksBuildPhase;
			buildActionMask = 2147483647;
			files = (
				4C6459BB2628D330006A4521 /* ComposableArchitecture in Frameworks */,
			);
			runOnlyForDeploymentPostprocessing = 0;
		};
/* End PBXFrameworksBuildPhase section */

/* Begin PBXGroup section */
		4C2AE9B4263FF43600B281EA /* Ingredient */ = {
			isa = PBXGroup;
			children = (
				4C2AE992263FED0800B281EA /* IngredientCore.swift */,
				4C2AE9A3263FED2C00B281EA /* IngredientListCore.swift */,
				4C2AE975263F5FEB00B281EA /* IngredientListView.swift */,
				4C2AE989263F632200B281EA /* IngredientRow.swift */,
			);
			path = Ingredient;
			sourceTree = "<group>";
		};
		4C6459C02628D350006A4521 /* Frameworks */ = {
			isa = PBXGroup;
			children = (
			);
			name = Frameworks;
			sourceTree = "<group>";
		};
		4C6459CE2628D9F8006A4521 /* Tests Shared */ = {
			isa = PBXGroup;
			children = (
				4C6459CF2628DA0E006A4521 /* TestsRecipesCore.swift */,
				4CF25A00263352E000DA58E0 /* TestsRecipeCore.swift */,
			);
			path = "Tests Shared";
			sourceTree = "<group>";
		};
		4CA7801C2621DD010010784C = {
			isa = PBXGroup;
			children = (
				4CA780212621DD020010784C /* Shared */,
				4CA7802E2621DD080010784C /* iOS */,
				4CA780352621DD080010784C /* macOS */,
				4C6459CE2628D9F8006A4521 /* Tests Shared */,
				4CA7803F2621DD080010784C /* Tests iOS */,
				4CA7804A2621DD080010784C /* Tests macOS */,
				4CA7802D2621DD080010784C /* Products */,
				4C6459C02628D350006A4521 /* Frameworks */,
			);
			sourceTree = "<group>";
		};
		4CA780212621DD020010784C /* Shared */ = {
			isa = PBXGroup;
			children = (
				4C2AE964263F585000B281EA /* ApiError.swift */,
				4C2AE937263F54B200B281EA /* AppCore.swift */,
				4CA780272621DD080010784C /* Assets.xcassets */,
				4CA780252621DD020010784C /* ContentView.swift */,
				4CA780222621DD020010784C /* Mes_Superbes_Recettes.xcdatamodeld */,
				4CA780242621DD020010784C /* Mes_Superbes_RecettesApp.swift */,
				4C2AE97C263F611600B281EA /* Mock.swift */,
				4CA780262621DD020010784C /* Persistence.swift */,
				4CA7806A2621DDBA0010784C /* Recipe */,
			);
			path = Shared;
			sourceTree = "<group>";
		};
		4CA7802D2621DD080010784C /* Products */ = {
			isa = PBXGroup;
			children = (
				4CA7802C2621DD080010784C /* Mes Superbes Recettes.app */,
				4CA780342621DD080010784C /* Mes Superbes Recettes.app */,
				4CA7803C2621DD080010784C /* Tests iOS.xctest */,
				4CA780472621DD080010784C /* Tests macOS.xctest */,
			);
			name = Products;
			sourceTree = "<group>";
		};
		4CA7802E2621DD080010784C /* iOS */ = {
			isa = PBXGroup;
			children = (
				4CA7802F2621DD080010784C /* Info.plist */,
			);
			path = iOS;
			sourceTree = "<group>";
		};
		4CA780352621DD080010784C /* macOS */ = {
			isa = PBXGroup;
			children = (
				4CA780362621DD080010784C /* Info.plist */,
				4CA780372621DD080010784C /* macOS.entitlements */,
			);
			path = macOS;
			sourceTree = "<group>";
		};
		4CA7803F2621DD080010784C /* Tests iOS */ = {
			isa = PBXGroup;
			children = (
				4CA780422621DD080010784C /* Info.plist */,
			);
			path = "Tests iOS";
			sourceTree = "<group>";
		};
		4CA7804A2621DD080010784C /* Tests macOS */ = {
			isa = PBXGroup;
			children = (
				4CA7804D2621DD080010784C /* Info.plist */,
			);
			path = "Tests macOS";
			sourceTree = "<group>";
		};
		4CA7806A2621DDBA0010784C /* Recipe */ = {
			isa = PBXGroup;
			children = (
				4C2AE9B4263FF43600B281EA /* Ingredient */,
				4CDF77B9262B463500069485 /* Item+Recipe.swift */,
				4CA7806B2621DDE30010784C /* Recipe.swift */,
				4CDF77D5262F719D00069485 /* RecipeCore.swift */,
				4C6459C72628D377006A4521 /* RecipeListCore.swift */,
				4CDF77CE262B98FA00069485 /* RecipesView.swift */,
				4C191A4C2635651D00FD8147 /* RecipeUnit.swift */,
				4C44E2232624F2B000542DDF /* RecipeView.swift */,
			);
			path = Recipe;
			sourceTree = "<group>";
		};
/* End PBXGroup section */

/* Begin PBXNativeTarget section */
		4CA7802B2621DD080010784C /* Mes Superbes Recettes (iOS) */ = {
			isa = PBXNativeTarget;
			buildConfigurationList = 4CA7805A2621DD080010784C /* Build configuration list for PBXNativeTarget "Mes Superbes Recettes (iOS)" */;
			buildPhases = (
				4CA780282621DD080010784C /* Sources */,
				4CA780292621DD080010784C /* Frameworks */,
				4CA7802A2621DD080010784C /* Resources */,
			);
			buildRules = (
			);
			dependencies = (
			);
			name = "Mes Superbes Recettes (iOS)";
			packageProductDependencies = (
				4C6459C12628D350006A4521 /* ComposableArchitecture */,
			);
			productName = "Mes Superbes Recettes (iOS)";
			productReference = 4CA7802C2621DD080010784C /* Mes Superbes Recettes.app */;
			productType = "com.apple.product-type.application";
		};
		4CA780332621DD080010784C /* Mes Superbes Recettes (macOS) */ = {
			isa = PBXNativeTarget;
			buildConfigurationList = 4CA7805D2621DD080010784C /* Build configuration list for PBXNativeTarget "Mes Superbes Recettes (macOS)" */;
			buildPhases = (
				4CA780302621DD080010784C /* Sources */,
				4CA780312621DD080010784C /* Frameworks */,
				4CA780322621DD080010784C /* Resources */,
			);
			buildRules = (
			);
			dependencies = (
			);
			name = "Mes Superbes Recettes (macOS)";
			packageProductDependencies = (
				4C6459BA2628D330006A4521 /* ComposableArchitecture */,
			);
			productName = "Mes Superbes Recettes (macOS)";
			productReference = 4CA780342621DD080010784C /* Mes Superbes Recettes.app */;
			productType = "com.apple.product-type.application";
		};
		4CA7803B2621DD080010784C /* Tests iOS */ = {
			isa = PBXNativeTarget;
			buildConfigurationList = 4CA780602621DD080010784C /* Build configuration list for PBXNativeTarget "Tests iOS" */;
			buildPhases = (
				4CA780382621DD080010784C /* Sources */,
				4C2FF4BB2628E5DB00396EEF /* Frameworks */,
				4CA7803A2621DD080010784C /* Resources */,
			);
			buildRules = (
			);
			dependencies = (
				4C2FF4C12628E62400396EEF /* PBXTargetDependency */,
				4CA7803E2621DD080010784C /* PBXTargetDependency */,
			);
			name = "Tests iOS";
			packageProductDependencies = (
				4C2FF48E2628E2F100396EEF /* ComposableArchitecture */,
			);
			productName = "Tests iOS";
			productReference = 4CA7803C2621DD080010784C /* Tests iOS.xctest */;
			productType = "com.apple.product-type.bundle.ui-testing";
		};
		4CA780462621DD080010784C /* Tests macOS */ = {
			isa = PBXNativeTarget;
			buildConfigurationList = 4CA780632621DD080010784C /* Build configuration list for PBXNativeTarget "Tests macOS" */;
			buildPhases = (
				4CA780432621DD080010784C /* Sources */,
				4C2FF4BA2628E5B300396EEF /* Frameworks */,
				4CA780452621DD080010784C /* Resources */,
			);
			buildRules = (
			);
			dependencies = (
				4CDF77B42628ED9300069485 /* PBXTargetDependency */,
				4CDF77832628EC2E00069485 /* PBXTargetDependency */,
			);
			name = "Tests macOS";
			packageProductDependencies = (
				4CDF77AD2628ED8500069485 /* ComposableArchitecture */,
			);
			productName = "Tests macOS";
			productReference = 4CA780472621DD080010784C /* Tests macOS.xctest */;
			productType = "com.apple.product-type.bundle.ui-testing";
		};
/* End PBXNativeTarget section */

/* Begin PBXProject section */
		4CA7801D2621DD020010784C /* Project object */ = {
			isa = PBXProject;
			attributes = {
				LastSwiftUpdateCheck = 1240;
				LastUpgradeCheck = 1240;
				TargetAttributes = {
					4CA7802B2621DD080010784C = {
						CreatedOnToolsVersion = 12.4;
					};
					4CA780332621DD080010784C = {
						CreatedOnToolsVersion = 12.4;
					};
					4CA7803B2621DD080010784C = {
						CreatedOnToolsVersion = 12.4;
						TestTargetID = 4CA7802B2621DD080010784C;
					};
					4CA780462621DD080010784C = {
						CreatedOnToolsVersion = 12.4;
						TestTargetID = 4CA780332621DD080010784C;
					};
				};
			};
			buildConfigurationList = 4CA780202621DD020010784C /* Build configuration list for PBXProject "Mes Superbes Recettes" */;
			compatibilityVersion = "Xcode 9.3";
			developmentRegion = en;
			hasScannedForEncodings = 0;
			knownRegions = (
				en,
				Base,
			);
			mainGroup = 4CA7801C2621DD010010784C;
			packageReferences = (
				4C6459B92628D330006A4521 /* XCRemoteSwiftPackageReference "swift-composable-architecture" */,
			);
			productRefGroup = 4CA7802D2621DD080010784C /* Products */;
			projectDirPath = "";
			projectRoot = "";
			targets = (
				4CA7802B2621DD080010784C /* Mes Superbes Recettes (iOS) */,
				4CA780332621DD080010784C /* Mes Superbes Recettes (macOS) */,
				4CA7803B2621DD080010784C /* Tests iOS */,
				4CA780462621DD080010784C /* Tests macOS */,
			);
		};
/* End PBXProject section */

/* Begin PBXResourcesBuildPhase section */
		4CA7802A2621DD080010784C /* Resources */ = {
			isa = PBXResourcesBuildPhase;
			buildActionMask = 2147483647;
			files = (
				4CA780562621DD080010784C /* Assets.xcassets in Resources */,
			);
			runOnlyForDeploymentPostprocessing = 0;
		};
		4CA780322621DD080010784C /* Resources */ = {
			isa = PBXResourcesBuildPhase;
			buildActionMask = 2147483647;
			files = (
				4CA780572621DD080010784C /* Assets.xcassets in Resources */,
			);
			runOnlyForDeploymentPostprocessing = 0;
		};
		4CA7803A2621DD080010784C /* Resources */ = {
			isa = PBXResourcesBuildPhase;
			buildActionMask = 2147483647;
			files = (
			);
			runOnlyForDeploymentPostprocessing = 0;
		};
		4CA780452621DD080010784C /* Resources */ = {
			isa = PBXResourcesBuildPhase;
			buildActionMask = 2147483647;
			files = (
			);
			runOnlyForDeploymentPostprocessing = 0;
		};
/* End PBXResourcesBuildPhase section */

/* Begin PBXSourcesBuildPhase section */
		4CA780282621DD080010784C /* Sources */ = {
			isa = PBXSourcesBuildPhase;
			buildActionMask = 2147483647;
			files = (
				4C2AE993263FED0800B281EA /* IngredientCore.swift in Sources */,
				4C2AE9A4263FED2C00B281EA /* IngredientListCore.swift in Sources */,
				4C191A4D2635651D00FD8147 /* RecipeUnit.swift in Sources */,
				4C44E2242624F2B000542DDF /* RecipeView.swift in Sources */,
				4CDF77CF262B98FA00069485 /* RecipesView.swift in Sources */,
				4CDF77BA262B463500069485 /* Item+Recipe.swift in Sources */,
				4CA7804E2621DD080010784C /* Mes_Superbes_Recettes.xcdatamodeld in Sources */,
				4C2AE976263F5FEB00B281EA /* IngredientListView.swift in Sources */,
				4C2AE938263F54B200B281EA /* AppCore.swift in Sources */,
				4CA780542621DD080010784C /* Persistence.swift in Sources */,
				4CA780502621DD080010784C /* Mes_Superbes_RecettesApp.swift in Sources */,
				4C2AE954263F582200B281EA /* RecipeListCore.swift in Sources */,
				4CA780522621DD080010784C /* ContentView.swift in Sources */,
				4C2AE97D263F611600B281EA /* Mock.swift in Sources */,
				4CDF77D6262F719D00069485 /* RecipeCore.swift in Sources */,
				4C2AE965263F585000B281EA /* ApiError.swift in Sources */,
				4CA7806C2621DDE30010784C /* Recipe.swift in Sources */,
				4C2AE98A263F632200B281EA /* IngredientRow.swift in Sources */,
			);
			runOnlyForDeploymentPostprocessing = 0;
		};
		4CA780302621DD080010784C /* Sources */ = {
			isa = PBXSourcesBuildPhase;
			buildActionMask = 2147483647;
			files = (
				4C2AE994263FED0800B281EA /* IngredientCore.swift in Sources */,
				4C2AE9A5263FED2C00B281EA /* IngredientListCore.swift in Sources */,
				4C191A4E2635651D00FD8147 /* RecipeUnit.swift in Sources */,
				4C44E2252624F2B000542DDF /* RecipeView.swift in Sources */,
				4CDF77D0262B98FA00069485 /* RecipesView.swift in Sources */,
				4CDF77BB262B463500069485 /* Item+Recipe.swift in Sources */,
				4CA7804F2621DD080010784C /* Mes_Superbes_Recettes.xcdatamodeld in Sources */,
				4C2AE977263F5FEB00B281EA /* IngredientListView.swift in Sources */,
				4C2AE939263F54B200B281EA /* AppCore.swift in Sources */,
				4CA780552621DD080010784C /* Persistence.swift in Sources */,
				4CA780512621DD080010784C /* Mes_Superbes_RecettesApp.swift in Sources */,
				4C2AE959263F582200B281EA /* RecipeListCore.swift in Sources */,
				4CA780532621DD080010784C /* ContentView.swift in Sources */,
				4C2AE97E263F611600B281EA /* Mock.swift in Sources */,
				4CDF77D7262F719D00069485 /* RecipeCore.swift in Sources */,
				4C2AE966263F585000B281EA /* ApiError.swift in Sources */,
				4CA780712621DEF60010784C /* Recipe.swift in Sources */,
				4C2AE98B263F632200B281EA /* IngredientRow.swift in Sources */,
			);
			runOnlyForDeploymentPostprocessing = 0;
		};
		4CA780382621DD080010784C /* Sources */ = {
			isa = PBXSourcesBuildPhase;
			buildActionMask = 2147483647;
			files = (
				4C2AE97F263F611600B281EA /* Mock.swift in Sources */,
				4C2AE93E263F572700B281EA /* AppCore.swift in Sources */,
				4CF259F62632F5D700DA58E0 /* RecipeView.swift in Sources */,
				4C2AE98C263F632200B281EA /* IngredientRow.swift in Sources */,
				4C2AE995263FED0800B281EA /* IngredientCore.swift in Sources */,
				4CF259DA2632171200DA58E0 /* RecipeCore.swift in Sources */,
				4C2AE96B263F585B00B281EA /* ApiError.swift in Sources */,
				4C2FF4A12628E38B00396EEF /* TestsRecipesCore.swift in Sources */,
				4C191A4F2635651D00FD8147 /* RecipeUnit.swift in Sources */,
				4C2AE9A6263FED2C00B281EA /* IngredientListCore.swift in Sources */,
				4CF259EC2632F5C000DA58E0 /* RecipesView.swift in Sources */,
				4CDF779E2628ED5000069485 /* Recipe.swift in Sources */,
				4CF25A01263352E000DA58E0 /* TestsRecipeCore.swift in Sources */,
				4C2AE95A263F582300B281EA /* RecipeListCore.swift in Sources */,
			);
			runOnlyForDeploymentPostprocessing = 0;
		};
		4CA780432621DD080010784C /* Sources */ = {
			isa = PBXSourcesBuildPhase;
			buildActionMask = 2147483647;
			files = (
				4C2AE980263F611600B281EA /* Mock.swift in Sources */,
				4C2AE943263F572800B281EA /* AppCore.swift in Sources */,
				4CF259FB2632F5D700DA58E0 /* RecipeView.swift in Sources */,
				4C2AE98D263F632200B281EA /* IngredientRow.swift in Sources */,
				4C2AE996263FED0800B281EA /* IngredientCore.swift in Sources */,
				4CF259DF2632171300DA58E0 /* RecipeCore.swift in Sources */,
				4C2AE970263F585B00B281EA /* ApiError.swift in Sources */,
				4CDF77792628EB8E00069485 /* TestsRecipesCore.swift in Sources */,
				4C191A502635651D00FD8147 /* RecipeUnit.swift in Sources */,
				4C2AE9A7263FED2C00B281EA /* IngredientListCore.swift in Sources */,
				4CF259F12632F5C100DA58E0 /* RecipesView.swift in Sources */,
				4CDF77992628ED4700069485 /* Recipe.swift in Sources */,
				4CF25A02263352E000DA58E0 /* TestsRecipeCore.swift in Sources */,
				4C2AE95F263F582400B281EA /* RecipeListCore.swift in Sources */,
			);
			runOnlyForDeploymentPostprocessing = 0;
		};
/* End PBXSourcesBuildPhase section */

/* Begin PBXTargetDependency section */
		4C2FF4C12628E62400396EEF /* PBXTargetDependency */ = {
			isa = PBXTargetDependency;
			productRef = 4C2FF4C02628E62400396EEF /* ComposableArchitecture */;
		};
		4CA7803E2621DD080010784C /* PBXTargetDependency */ = {
			isa = PBXTargetDependency;
			target = 4CA7802B2621DD080010784C /* Mes Superbes Recettes (iOS) */;
			targetProxy = 4CA7803D2621DD080010784C /* PBXContainerItemProxy */;
		};
		4CDF77832628EC2E00069485 /* PBXTargetDependency */ = {
			isa = PBXTargetDependency;
			target = 4CA780332621DD080010784C /* Mes Superbes Recettes (macOS) */;
			targetProxy = 4CDF77822628EC2E00069485 /* PBXContainerItemProxy */;
		};
		4CDF77B42628ED9300069485 /* PBXTargetDependency */ = {
			isa = PBXTargetDependency;
			productRef = 4CDF77B32628ED9300069485 /* ComposableArchitecture */;
		};
/* End PBXTargetDependency section */

/* Begin XCBuildConfiguration section */
		4CA780582621DD080010784C /* Debug */ = {
			isa = XCBuildConfiguration;
			buildSettings = {
				ALWAYS_SEARCH_USER_PATHS = NO;
				CLANG_ANALYZER_NONNULL = YES;
				CLANG_ANALYZER_NUMBER_OBJECT_CONVERSION = YES_AGGRESSIVE;
				CLANG_CXX_LANGUAGE_STANDARD = "gnu++14";
				CLANG_CXX_LIBRARY = "libc++";
				CLANG_ENABLE_MODULES = YES;
				CLANG_ENABLE_OBJC_ARC = YES;
				CLANG_ENABLE_OBJC_WEAK = YES;
				CLANG_WARN_BLOCK_CAPTURE_AUTORELEASING = YES;
				CLANG_WARN_BOOL_CONVERSION = YES;
				CLANG_WARN_COMMA = YES;
				CLANG_WARN_CONSTANT_CONVERSION = YES;
				CLANG_WARN_DEPRECATED_OBJC_IMPLEMENTATIONS = YES;
				CLANG_WARN_DIRECT_OBJC_ISA_USAGE = YES_ERROR;
				CLANG_WARN_DOCUMENTATION_COMMENTS = YES;
				CLANG_WARN_EMPTY_BODY = YES;
				CLANG_WARN_ENUM_CONVERSION = YES;
				CLANG_WARN_INFINITE_RECURSION = YES;
				CLANG_WARN_INT_CONVERSION = YES;
				CLANG_WARN_NON_LITERAL_NULL_CONVERSION = YES;
				CLANG_WARN_OBJC_IMPLICIT_RETAIN_SELF = YES;
				CLANG_WARN_OBJC_LITERAL_CONVERSION = YES;
				CLANG_WARN_OBJC_ROOT_CLASS = YES_ERROR;
				CLANG_WARN_QUOTED_INCLUDE_IN_FRAMEWORK_HEADER = YES;
				CLANG_WARN_RANGE_LOOP_ANALYSIS = YES;
				CLANG_WARN_STRICT_PROTOTYPES = YES;
				CLANG_WARN_SUSPICIOUS_MOVE = YES;
				CLANG_WARN_UNGUARDED_AVAILABILITY = YES_AGGRESSIVE;
				CLANG_WARN_UNREACHABLE_CODE = YES;
				CLANG_WARN__DUPLICATE_METHOD_MATCH = YES;
				COPY_PHASE_STRIP = NO;
				DEBUG_INFORMATION_FORMAT = dwarf;
				ENABLE_STRICT_OBJC_MSGSEND = YES;
				ENABLE_TESTABILITY = YES;
				GCC_C_LANGUAGE_STANDARD = gnu11;
				GCC_DYNAMIC_NO_PIC = NO;
				GCC_NO_COMMON_BLOCKS = YES;
				GCC_OPTIMIZATION_LEVEL = 0;
				GCC_PREPROCESSOR_DEFINITIONS = (
					"DEBUG=1",
					"$(inherited)",
				);
				GCC_WARN_64_TO_32_BIT_CONVERSION = YES;
				GCC_WARN_ABOUT_RETURN_TYPE = YES_ERROR;
				GCC_WARN_UNDECLARED_SELECTOR = YES;
				GCC_WARN_UNINITIALIZED_AUTOS = YES_AGGRESSIVE;
				GCC_WARN_UNUSED_FUNCTION = YES;
				GCC_WARN_UNUSED_VARIABLE = YES;
				MTL_ENABLE_DEBUG_INFO = INCLUDE_SOURCE;
				MTL_FAST_MATH = YES;
				ONLY_ACTIVE_ARCH = YES;
				SWIFT_ACTIVE_COMPILATION_CONDITIONS = DEBUG;
				SWIFT_OPTIMIZATION_LEVEL = "-Onone";
			};
			name = Debug;
		};
		4CA780592621DD080010784C /* Release */ = {
			isa = XCBuildConfiguration;
			buildSettings = {
				ALWAYS_SEARCH_USER_PATHS = NO;
				CLANG_ANALYZER_NONNULL = YES;
				CLANG_ANALYZER_NUMBER_OBJECT_CONVERSION = YES_AGGRESSIVE;
				CLANG_CXX_LANGUAGE_STANDARD = "gnu++14";
				CLANG_CXX_LIBRARY = "libc++";
				CLANG_ENABLE_MODULES = YES;
				CLANG_ENABLE_OBJC_ARC = YES;
				CLANG_ENABLE_OBJC_WEAK = YES;
				CLANG_WARN_BLOCK_CAPTURE_AUTORELEASING = YES;
				CLANG_WARN_BOOL_CONVERSION = YES;
				CLANG_WARN_COMMA = YES;
				CLANG_WARN_CONSTANT_CONVERSION = YES;
				CLANG_WARN_DEPRECATED_OBJC_IMPLEMENTATIONS = YES;
				CLANG_WARN_DIRECT_OBJC_ISA_USAGE = YES_ERROR;
				CLANG_WARN_DOCUMENTATION_COMMENTS = YES;
				CLANG_WARN_EMPTY_BODY = YES;
				CLANG_WARN_ENUM_CONVERSION = YES;
				CLANG_WARN_INFINITE_RECURSION = YES;
				CLANG_WARN_INT_CONVERSION = YES;
				CLANG_WARN_NON_LITERAL_NULL_CONVERSION = YES;
				CLANG_WARN_OBJC_IMPLICIT_RETAIN_SELF = YES;
				CLANG_WARN_OBJC_LITERAL_CONVERSION = YES;
				CLANG_WARN_OBJC_ROOT_CLASS = YES_ERROR;
				CLANG_WARN_QUOTED_INCLUDE_IN_FRAMEWORK_HEADER = YES;
				CLANG_WARN_RANGE_LOOP_ANALYSIS = YES;
				CLANG_WARN_STRICT_PROTOTYPES = YES;
				CLANG_WARN_SUSPICIOUS_MOVE = YES;
				CLANG_WARN_UNGUARDED_AVAILABILITY = YES_AGGRESSIVE;
				CLANG_WARN_UNREACHABLE_CODE = YES;
				CLANG_WARN__DUPLICATE_METHOD_MATCH = YES;
				COPY_PHASE_STRIP = NO;
				DEBUG_INFORMATION_FORMAT = "dwarf-with-dsym";
				ENABLE_NS_ASSERTIONS = NO;
				ENABLE_STRICT_OBJC_MSGSEND = YES;
				GCC_C_LANGUAGE_STANDARD = gnu11;
				GCC_NO_COMMON_BLOCKS = YES;
				GCC_WARN_64_TO_32_BIT_CONVERSION = YES;
				GCC_WARN_ABOUT_RETURN_TYPE = YES_ERROR;
				GCC_WARN_UNDECLARED_SELECTOR = YES;
				GCC_WARN_UNINITIALIZED_AUTOS = YES_AGGRESSIVE;
				GCC_WARN_UNUSED_FUNCTION = YES;
				GCC_WARN_UNUSED_VARIABLE = YES;
				MTL_ENABLE_DEBUG_INFO = NO;
				MTL_FAST_MATH = YES;
				SWIFT_COMPILATION_MODE = wholemodule;
				SWIFT_OPTIMIZATION_LEVEL = "-O";
			};
			name = Release;
		};
		4CA7805B2621DD080010784C /* Debug */ = {
			isa = XCBuildConfiguration;
			buildSettings = {
				ASSETCATALOG_COMPILER_APPICON_NAME = AppIcon;
				ASSETCATALOG_COMPILER_GLOBAL_ACCENT_COLOR_NAME = AccentColor;
				CODE_SIGN_STYLE = Automatic;
				DEVELOPMENT_TEAM = MBQ98GC8JT;
				ENABLE_PREVIEWS = YES;
				INFOPLIST_FILE = iOS/Info.plist;
				IPHONEOS_DEPLOYMENT_TARGET = 14.0;
				LD_RUNPATH_SEARCH_PATHS = (
					"$(inherited)",
					"@executable_path/Frameworks",
				);
				PRODUCT_BUNDLE_IDENTIFIER = "renaud.jenny.Mes-Superbes-Recettes";
				PRODUCT_NAME = "Mes Superbes Recettes";
				SDKROOT = iphoneos;
				SWIFT_VERSION = 5.0;
				TARGETED_DEVICE_FAMILY = "1,2";
			};
			name = Debug;
		};
		4CA7805C2621DD080010784C /* Release */ = {
			isa = XCBuildConfiguration;
			buildSettings = {
				ASSETCATALOG_COMPILER_APPICON_NAME = AppIcon;
				ASSETCATALOG_COMPILER_GLOBAL_ACCENT_COLOR_NAME = AccentColor;
				CODE_SIGN_STYLE = Automatic;
				DEVELOPMENT_TEAM = MBQ98GC8JT;
				ENABLE_PREVIEWS = YES;
				INFOPLIST_FILE = iOS/Info.plist;
				IPHONEOS_DEPLOYMENT_TARGET = 14.0;
				LD_RUNPATH_SEARCH_PATHS = (
					"$(inherited)",
					"@executable_path/Frameworks",
				);
				PRODUCT_BUNDLE_IDENTIFIER = "renaud.jenny.Mes-Superbes-Recettes";
				PRODUCT_NAME = "Mes Superbes Recettes";
				SDKROOT = iphoneos;
				SWIFT_VERSION = 5.0;
				TARGETED_DEVICE_FAMILY = "1,2";
				VALIDATE_PRODUCT = YES;
			};
			name = Release;
		};
		4CA7805E2621DD080010784C /* Debug */ = {
			isa = XCBuildConfiguration;
			buildSettings = {
				ASSETCATALOG_COMPILER_APPICON_NAME = AppIcon;
				ASSETCATALOG_COMPILER_GLOBAL_ACCENT_COLOR_NAME = AccentColor;
				CODE_SIGN_ENTITLEMENTS = macOS/macOS.entitlements;
				CODE_SIGN_STYLE = Automatic;
				COMBINE_HIDPI_IMAGES = YES;
				DEVELOPMENT_TEAM = MBQ98GC8JT;
				ENABLE_HARDENED_RUNTIME = YES;
				ENABLE_PREVIEWS = YES;
				INFOPLIST_FILE = macOS/Info.plist;
				LD_RUNPATH_SEARCH_PATHS = (
					"$(inherited)",
					"@executable_path/../Frameworks",
				);
				MACOSX_DEPLOYMENT_TARGET = 11.0;
				PRODUCT_BUNDLE_IDENTIFIER = "renaud.jenny.Mes-Superbes-Recettes";
				PRODUCT_NAME = "Mes Superbes Recettes";
				SDKROOT = macosx;
				SWIFT_VERSION = 5.0;
			};
			name = Debug;
		};
		4CA7805F2621DD080010784C /* Release */ = {
			isa = XCBuildConfiguration;
			buildSettings = {
				ASSETCATALOG_COMPILER_APPICON_NAME = AppIcon;
				ASSETCATALOG_COMPILER_GLOBAL_ACCENT_COLOR_NAME = AccentColor;
				CODE_SIGN_ENTITLEMENTS = macOS/macOS.entitlements;
				CODE_SIGN_STYLE = Automatic;
				COMBINE_HIDPI_IMAGES = YES;
				DEVELOPMENT_TEAM = MBQ98GC8JT;
				ENABLE_HARDENED_RUNTIME = YES;
				ENABLE_PREVIEWS = YES;
				INFOPLIST_FILE = macOS/Info.plist;
				LD_RUNPATH_SEARCH_PATHS = (
					"$(inherited)",
					"@executable_path/../Frameworks",
				);
				MACOSX_DEPLOYMENT_TARGET = 11.0;
				PRODUCT_BUNDLE_IDENTIFIER = "renaud.jenny.Mes-Superbes-Recettes";
				PRODUCT_NAME = "Mes Superbes Recettes";
				SDKROOT = macosx;
				SWIFT_VERSION = 5.0;
			};
			name = Release;
		};
		4CA780612621DD080010784C /* Debug */ = {
			isa = XCBuildConfiguration;
			buildSettings = {
				ALWAYS_EMBED_SWIFT_STANDARD_LIBRARIES = YES;
				CODE_SIGN_STYLE = Automatic;
				DEVELOPMENT_TEAM = MBQ98GC8JT;
				INFOPLIST_FILE = "Tests iOS/Info.plist";
				IPHONEOS_DEPLOYMENT_TARGET = 14.4;
				LD_RUNPATH_SEARCH_PATHS = (
					"$(inherited)",
					"@executable_path/Frameworks",
					"@loader_path/Frameworks",
				);
				PRODUCT_BUNDLE_IDENTIFIER = "renaud.jenny.Tests-iOS";
				PRODUCT_NAME = "$(TARGET_NAME)";
				SDKROOT = iphoneos;
				SWIFT_VERSION = 5.0;
				TARGETED_DEVICE_FAMILY = "1,2";
				TEST_TARGET_NAME = "Mes Superbes Recettes (iOS)";
			};
			name = Debug;
		};
		4CA780622621DD080010784C /* Release */ = {
			isa = XCBuildConfiguration;
			buildSettings = {
				ALWAYS_EMBED_SWIFT_STANDARD_LIBRARIES = YES;
				CODE_SIGN_STYLE = Automatic;
				DEVELOPMENT_TEAM = MBQ98GC8JT;
				INFOPLIST_FILE = "Tests iOS/Info.plist";
				IPHONEOS_DEPLOYMENT_TARGET = 14.4;
				LD_RUNPATH_SEARCH_PATHS = (
					"$(inherited)",
					"@executable_path/Frameworks",
					"@loader_path/Frameworks",
				);
				PRODUCT_BUNDLE_IDENTIFIER = "renaud.jenny.Tests-iOS";
				PRODUCT_NAME = "$(TARGET_NAME)";
				SDKROOT = iphoneos;
				SWIFT_VERSION = 5.0;
				TARGETED_DEVICE_FAMILY = "1,2";
				TEST_TARGET_NAME = "Mes Superbes Recettes (iOS)";
				VALIDATE_PRODUCT = YES;
			};
			name = Release;
		};
		4CA780642621DD080010784C /* Debug */ = {
			isa = XCBuildConfiguration;
			buildSettings = {
				ALWAYS_EMBED_SWIFT_STANDARD_LIBRARIES = YES;
				CODE_SIGN_STYLE = Automatic;
				COMBINE_HIDPI_IMAGES = YES;
				DEVELOPMENT_TEAM = MBQ98GC8JT;
				INFOPLIST_FILE = "Tests macOS/Info.plist";
				LD_RUNPATH_SEARCH_PATHS = (
					"$(inherited)",
					"@executable_path/../Frameworks",
					"@loader_path/../Frameworks",
				);
				MACOSX_DEPLOYMENT_TARGET = 11.1;
				PRODUCT_BUNDLE_IDENTIFIER = "renaud.jenny.Tests-macOS";
				PRODUCT_NAME = "$(TARGET_NAME)";
				PROVISIONING_PROFILE = "";
				SDKROOT = macosx;
				SWIFT_VERSION = 5.0;
				TEST_TARGET_NAME = "Mes Superbes Recettes (macOS)";
			};
			name = Debug;
		};
		4CA780652621DD080010784C /* Release */ = {
			isa = XCBuildConfiguration;
			buildSettings = {
				ALWAYS_EMBED_SWIFT_STANDARD_LIBRARIES = YES;
				CODE_SIGN_STYLE = Automatic;
				COMBINE_HIDPI_IMAGES = YES;
				DEVELOPMENT_TEAM = MBQ98GC8JT;
				INFOPLIST_FILE = "Tests macOS/Info.plist";
				LD_RUNPATH_SEARCH_PATHS = (
					"$(inherited)",
					"@executable_path/../Frameworks",
					"@loader_path/../Frameworks",
				);
				MACOSX_DEPLOYMENT_TARGET = 11.1;
				PRODUCT_BUNDLE_IDENTIFIER = "renaud.jenny.Tests-macOS";
				PRODUCT_NAME = "$(TARGET_NAME)";
				PROVISIONING_PROFILE = "";
				SDKROOT = macosx;
				SWIFT_VERSION = 5.0;
				TEST_TARGET_NAME = "Mes Superbes Recettes (macOS)";
			};
			name = Release;
		};
/* End XCBuildConfiguration section */

/* Begin XCConfigurationList section */
		4CA780202621DD020010784C /* Build configuration list for PBXProject "Mes Superbes Recettes" */ = {
			isa = XCConfigurationList;
			buildConfigurations = (
				4CA780582621DD080010784C /* Debug */,
				4CA780592621DD080010784C /* Release */,
			);
			defaultConfigurationIsVisible = 0;
			defaultConfigurationName = Release;
		};
		4CA7805A2621DD080010784C /* Build configuration list for PBXNativeTarget "Mes Superbes Recettes (iOS)" */ = {
			isa = XCConfigurationList;
			buildConfigurations = (
				4CA7805B2621DD080010784C /* Debug */,
				4CA7805C2621DD080010784C /* Release */,
			);
			defaultConfigurationIsVisible = 0;
			defaultConfigurationName = Release;
		};
		4CA7805D2621DD080010784C /* Build configuration list for PBXNativeTarget "Mes Superbes Recettes (macOS)" */ = {
			isa = XCConfigurationList;
			buildConfigurations = (
				4CA7805E2621DD080010784C /* Debug */,
				4CA7805F2621DD080010784C /* Release */,
			);
			defaultConfigurationIsVisible = 0;
			defaultConfigurationName = Release;
		};
		4CA780602621DD080010784C /* Build configuration list for PBXNativeTarget "Tests iOS" */ = {
			isa = XCConfigurationList;
			buildConfigurations = (
				4CA780612621DD080010784C /* Debug */,
				4CA780622621DD080010784C /* Release */,
			);
			defaultConfigurationIsVisible = 0;
			defaultConfigurationName = Release;
		};
		4CA780632621DD080010784C /* Build configuration list for PBXNativeTarget "Tests macOS" */ = {
			isa = XCConfigurationList;
			buildConfigurations = (
				4CA780642621DD080010784C /* Debug */,
				4CA780652621DD080010784C /* Release */,
			);
			defaultConfigurationIsVisible = 0;
			defaultConfigurationName = Release;
		};
/* End XCConfigurationList section */

/* Begin XCRemoteSwiftPackageReference section */
		4C6459B92628D330006A4521 /* XCRemoteSwiftPackageReference "swift-composable-architecture" */ = {
			isa = XCRemoteSwiftPackageReference;
			repositoryURL = "https://github.com/pointfreeco/swift-composable-architecture";
			requirement = {
				kind = upToNextMajorVersion;
				minimumVersion = 0.17.0;
			};
		};
/* End XCRemoteSwiftPackageReference section */

/* Begin XCSwiftPackageProductDependency section */
		4C2FF48E2628E2F100396EEF /* ComposableArchitecture */ = {
			isa = XCSwiftPackageProductDependency;
			package = 4C6459B92628D330006A4521 /* XCRemoteSwiftPackageReference "swift-composable-architecture" */;
			productName = ComposableArchitecture;
		};
		4C2FF4C02628E62400396EEF /* ComposableArchitecture */ = {
			isa = XCSwiftPackageProductDependency;
			package = 4C6459B92628D330006A4521 /* XCRemoteSwiftPackageReference "swift-composable-architecture" */;
			productName = ComposableArchitecture;
		};
		4C6459BA2628D330006A4521 /* ComposableArchitecture */ = {
			isa = XCSwiftPackageProductDependency;
			package = 4C6459B92628D330006A4521 /* XCRemoteSwiftPackageReference "swift-composable-architecture" */;
			productName = ComposableArchitecture;
		};
		4C6459C12628D350006A4521 /* ComposableArchitecture */ = {
			isa = XCSwiftPackageProductDependency;
			package = 4C6459B92628D330006A4521 /* XCRemoteSwiftPackageReference "swift-composable-architecture" */;
			productName = ComposableArchitecture;
		};
		4CDF77AD2628ED8500069485 /* ComposableArchitecture */ = {
			isa = XCSwiftPackageProductDependency;
			package = 4C6459B92628D330006A4521 /* XCRemoteSwiftPackageReference "swift-composable-architecture" */;
			productName = ComposableArchitecture;
		};
		4CDF77B32628ED9300069485 /* ComposableArchitecture */ = {
			isa = XCSwiftPackageProductDependency;
			package = 4C6459B92628D330006A4521 /* XCRemoteSwiftPackageReference "swift-composable-architecture" */;
			productName = ComposableArchitecture;
		};
/* End XCSwiftPackageProductDependency section */

/* Begin XCVersionGroup section */
		4CA780222621DD020010784C /* Mes_Superbes_Recettes.xcdatamodeld */ = {
			isa = XCVersionGroup;
			children = (
				4CA780232621DD020010784C /* Shared.xcdatamodel */,
			);
			currentVersion = 4CA780232621DD020010784C /* Shared.xcdatamodel */;
			path = Mes_Superbes_Recettes.xcdatamodeld;
			sourceTree = "<group>";
			versionGroupType = wrapper.xcdatamodel;
		};
/* End XCVersionGroup section */
	};
	rootObject = 4CA7801D2621DD020010784C /* Project object */;
}
